github.com/DanielRenne/GoCore/core v0.0.0-20221113211335-f0f40e00d95b h1:dYXmC2a3L9A2lJbLUtz6S1zH+1122SSh4kCHCnaV7sM=
github.com/DanielRenne/GoCore/core v0.0.0-20221113211335-f0f40e00d95b/go.mod h1:/qSf0k5gCVX+6vhm/YktZrNpyd5G6DohZUyr6rSTE8U=
github.com/DanielRenne/GoCore/core/extensions v0.0.0-20221113211016-1b7bad8bde86 h1:LnLxjzQC97B5hTfbTu3A5feBj3PDlDk1h+nMLxqGAvU=
github.com/DanielRenne/GoCore/core/extensions v0.0.0-20221113211016-1b7bad8bde86/go.mod h1:ywraOX8cSLbojCgxjzRXn1QVJSwze8gy+lVToq+L6Zc=
github.com/DanielRenne/GoCore/core/logger v0.0.0-20221006195400-7f79828e34c3 h1:PT6TTGsR/skoWG2HsqqvYmh5lXkO1uKXruECR0yrQ14=
github.com/DanielRenne/GoCore/core/logger v0.0.0-20221006195400-7f79828e34c3/go.mod h1:LZnkwEw/fBgnDIxCq8JeKAHKY0TqrKgiX6mtxlUuapc=
github.com/DanielRenne/GoCore/core/path v0.0.0-20221113211016-1b7bad8bde86 h1:PGwtuWOeav9qQyEVTFqFQ1+muQrNub942zm0k3on96Q=
github.com/DanielRenne/GoCore/core/path v0.0.0-20221113211016-1b7bad8bde86/go.mod h1:/xvJ8xSQDvZ7UuUymCjIwKlJwvWmpjz9IvkmY3RPvCk=
github.com/DanielRenne/GoCore/core/serverSettings v0.0.0-20221113211016-1b7bad8bde86 h1:5sRRJ3HREQxmdSTm9KxfoUtgtV5wIy88nGem0lK467M=
github.com/DanielRenne/GoCore/core/serverSettings v0.0.0-20221113211016-1b7bad8bde86/go.mod h1:m+J8moYcKwY/hqj4CaHlQOM+tj40GSyqOMzCKAphurI=
github.com/DanielRenne/GoCore/core/utils v0.0.0-20221006195400-7f79828e34c3 h1:PS/fTahbfB/Zt2+/OUkFuSfbfRigR646xLaLaYxCxbI=
github.com/DanielRenne/GoCore/core/utils v0.0.0-20221006195400-7f79828e34c3/go.mod h1:jrW7J6M6FHyxC10kPajPYBupdWiB/xtI19hJ9F36MhA=
github.com/creack/pty v1.1.9/go.mod h1:oKZEueFk5CKHvIhNR5MUki03XCEU+Q6VDXinZuGJ33E=
github.com/fatih/color v1.13.0 h1:8LOYc1KYPPmyKMuN8QV2DNRWNbLo6LZ0iLs8+mlH53w=
github.com/fatih/color v1.13.0/go.mod h1:kLAiJbzzSOZDVNGyDpeOxJ47H46qBXwg5ILebYFFOfk=
github.com/forPelevin/gomoji v1.1.6 h1:mSIGhjyMiywuGFHR/6CLL/L6HwwDiQmYGdl1R9a/05w=
github.com/forPelevin/gomoji v1.1.6/go.mod h1:h31zCiwG8nIto/c9RmijODA1xgN2JSvwKfU7l65xeTk=
github.com/globalsign/mgo v0.0.0-20181015135952-eeefdecb41b8 h1:DujepqpGd1hyOd7aW59XpK7Qymp8iy83xq74fLr21is=
github.com/globalsign/mgo v0.0.0-20181015135952-eeefdecb41b8/go.mod h1:xkRDCp4j0OGD1HRkm4kmhM+pmpv3AKq5SU7GMg4oO/Q=
github.com/kr/pretty v0.3.1 h1:flRD4NNwYAUpkphVc1HcthR4KEIFJ65n8Mw5qdRn3LE=
github.com/kr/pretty v0.3.1/go.mod h1:hoEshYVHaxMs3cyo3Yncou5ZscifuDolrwPKZanG3xk=
github.com/kr/text v0.2.0 h1:5Nx0Ya0ZqY2ygV366QzturHI13Jq95ApcVaJBhpS+AY=
github.com/kr/text v0.2.0/go.mod h1:eLer722TekiGuMkidMxC/pM04lWEeraHUUmBw8l2grE=
github.com/mattn/go-colorable v0.1.9/go.mod h1:u6P/XSegPjTcexA+o6vUJrdnUu04hMope9wVRipJSqc=
github.com/mattn/go-colorable v0.1.13 h1:fFA4WZxdEF4tXPZVKMLwD8oUnCTTo08duU7wxecdEvA=
github.com/mattn/go-colorable v0.1.13/go.mod h1:7S9/ev0klgBDR4GtXTXX8a3vIGJpMovkB8vQcUbaXHg=
github.com/mattn/go-isatty v0.0.12/go.mod h1:cbi8OIDigv2wuxKPP5vlRcQ1OAZbq2CE4Kysco4FUpU=
github.com/mattn/go-isatty v0.0.14/go.mod h1:7GGIvUiUoEMVVmxf/4nioHXj79iQHKdU27kJ6hsGG94=
github.com/mattn/go-isatty v0.0.16 h1:bq3VjFmv/sOjHtdEhmkEV4x1AJtvUvOJ2PFAZ5+peKQ=
github.com/mattn/go-isatty v0.0.16/go.mod h1:kYGgaQfpe5nmfYZH+SKPsOc2e4SrIfOl2e/yFXSvRLM=
github.com/pkg/diff v0.0.0-20210226163009-20ebb0f2a09e/go.mod h1:pJLUxLENpZxwdsKMEsNbx1VGcRFpLqf3715MtcvvzbA=
github.com/rivo/uniseg v0.4.2 h1:YwD0ulJSJytLpiaWua0sBDusfsCZohxjxzVTYjwxfV8=
github.com/rivo/uniseg v0.4.2/go.mod h1:FN3SvrM+Zdj16jyLfmOkMNblXMcoc8DfTHruCPUcx88=
github.com/rogpeppe/go-internal v1.9.0 h1:73kH8U+JUqXU8lRuOHeVHaa/SZPifC7BkcraZVejAe8=
github.com/rogpeppe/go-internal v1.9.0/go.mod h1:WtVeX8xhTBvf0smdhujwtBcq4Qrzq/fJaraNFVN+nFs=
golang.org/x/sys v0.0.0-20200116001909-b77594299b42/go.mod h1:h1NjWce9XRLGQEsW7wpKNCjG9DtNlClVuFLEZdDNbEs=
golang.org/x/sys v0.0.0-20200223170610-d5e6a3e2c0ae/go.mod h1:h1NjWce9XRLGQEsW7wpKNCjG9DtNlClVuFLEZdDNbEs=
golang.org/x/sys v0.0.0-20210630005230-0f9fa26af87c/go.mod h1:oPkhp1MJrh7nUepCBck5+mAzfO9JrbApNNgaTdGDITg=
golang.org/x/sys v0.0.0-20220811171246-fbc7d0a398ab/go.mod h1:oPkhp1MJrh7nUepCBck5+mAzfO9JrbApNNgaTdGDITg=
golang.org/x/sys v0.0.0-20220928140112-f11e5e49a4ec h1:BkDtF2Ih9xZ7le9ndzTA7KJow28VbQW3odyk/8drmuI=
golang.org/x/sys v0.0.0-20220928140112-f11e5e49a4ec/go.mod h1:oPkhp1MJrh7nUepCBck5+mAzfO9JrbApNNgaTdGDITg=
gopkg.in/check.v1 v1.0.0-20201130134442-10cb98267c6c h1:Hei/4ADfdWqJk1ZMxUNpqntNwaWcugrBjAiHlqqRiVk=
